Microsoft Visual Studio Solution File, Format Version 12.00
# Visual Studio Version 17
VisualStudioVersion = 17.10.35027.167
MinimumVisualStudioVersion = 10.0.40219.1
Project("{FAE04EC0-301F-11D3-BF4B-00C04F79EFBC}") = "Community.PowerToys.Run.Plugin.ConvertCase", "Community.PowerToys.Run.Plugin.ConvertCase\Community.PowerToys.Run.Plugin.ConvertCase.csproj", "{6C1FA39B-9E70-42D3-9F0E-D7FBE4B780F0}"
EndProject
Global
	GlobalSection(SolutionConfigurationPlatforms) = preSolution
		Debug|ARM64 = Debug|ARM64
		Debug|x64 = Debug|x64
		Release|ARM64 = Release|ARM64
		Release|x64 = Release|x64
	EndGlobalSection
	GlobalSection(ProjectConfigurationPlatforms) = postSolution
		{6C1FA39B-9E70-42D3-9F0E-D7FBE4B780F0}.Debug|ARM64.ActiveCfg = Debug|ARM64
		{6C1FA39B-9E70-42D3-9F0E-D7FBE4B780F0}.Debug|ARM64.Build.0 = Debug|ARM64
		{6C1FA39B-9E70-42D3-9F0E-D7FBE4B780F0}.Debug|x64.ActiveCfg = Debug|x64
		{6C1FA39B-9E70-42D3-9F0E-D7FBE4B780F0}.Debug|x64.Build.0 = Debug|x64
		{6C1FA39B-9E70-42D3-9F0E-D7FBE4B780F0}.Release|ARM64.ActiveCfg = Release|ARM64
		{6C1FA39B-9E70-42D3-9F0E-D7FBE4B780F0}.Release|ARM64.Build.0 = Release|ARM64
		{6C1FA39B-9E70-42D3-9F0E-D7FBE4B780F0}.Release|x64.ActiveCfg = Release|x64
		{6C1FA39B-9E70-42D3-9F0E-D7FBE4B780F0}.Release|x64.Build.0 = Release|x64
	EndGlobalSection
	GlobalSection(SolutionProperties) = preSolution
		HideSolutionNode = FALSE
	EndGlobalSection
	GlobalSection(ExtensibilityGlobals) = postSolution
		SolutionGuid = {DDF6868F-23B6-42C0-8012-B6C65ED50338}
	EndGlobalSection
EndGlobal
